
Microsoft Visual Studio Solution File, Format Version 12.00
# Visual Studio Version 16
VisualStudioVersion = 16.0.29020.237
MinimumVisualStudioVersion = 10.0.40219.1
Project("{FAE04EC0-301F-11D3-BF4B-00C04F79EFBC}") = "NetDataChallenge", "NetDataChallenge\NetDataChallenge.csproj", "{9537EEB7-FC7A-4F15-961D-F3732D667A97}"
EndProject
Global
	GlobalSection(SolutionConfigurationPlatforms) = preSolution
		Debug|Any CPU = Debug|Any CPU
		Release|Any CPU = Release|Any CPU
	EndGlobalSection
	GlobalSection(ProjectConfigurationPlatforms) = postSolution
		{9537EEB7-FC7A-4F15-961D-F3732D667A97}.Debug|Any CPU.ActiveCfg = Debug|Any CPU
		{9537EEB7-FC7A-4F15-961D-F3732D667A97}.Debug|Any CPU.Build.0 = Debug|Any CPU
		{9537EEB7-FC7A-4F15-961D-F3732D667A97}.Release|Any CPU.ActiveCfg = Release|Any CPU
		{9537EEB7-FC7A-4F15-961D-F3732D667A97}.Release|Any CPU.Build.0 = Release|Any CPU
	EndGlobalSection
	GlobalSection(SolutionProperties) = preSolution
		HideSolutionNode = FALSE
	EndGlobalSection
	GlobalSection(ExtensibilityGlobals) = postSolution
		SolutionGuid = {B76012F1-E10B-463E-BEA1-3ABA3E8DD41C}
	EndGlobalSection
EndGlobal
