
Microsoft Visual Studio Solution File, Format Version 12.00
# Visual Studio 15
VisualStudioVersion = 15.0.28307.329
MinimumVisualStudioVersion = 10.0.40219.1
Project("{FAE04EC0-301F-11D3-BF4B-00C04F79EFBC}") = "Tribunal.Android", "Tribunal\Tribunal.Android\Tribunal.Android.csproj", "{3B442F05-1A27-4A79-91DD-C7F2AD467B4C}"
EndProject
Project("{FAE04EC0-301F-11D3-BF4B-00C04F79EFBC}") = "Tribunal.iOS", "Tribunal\Tribunal.iOS\Tribunal.iOS.csproj", "{CD472EF9-34A1-41F1-85D1-430B5D4214F6}"
EndProject
Project("{FAE04EC0-301F-11D3-BF4B-00C04F79EFBC}") = "Tribunal", "Tribunal\Tribunal\Tribunal.csproj", "{8ACCFFC7-BD0A-468D-8912-4892037D3BEE}"
EndProject
Global
	GlobalSection(SolutionConfigurationPlatforms) = preSolution
		Ad-Hoc|Any CPU = Ad-Hoc|Any CPU
		Ad-Hoc|iPhone = Ad-Hoc|iPhone
		Ad-Hoc|iPhoneSimulator = Ad-Hoc|iPhoneSimulator
		AppStore|Any CPU = AppStore|Any CPU
		AppStore|iPhone = AppStore|iPhone
		AppStore|iPhoneSimulator = AppStore|iPhoneSimulator
		Debug|Any CPU = Debug|Any CPU
		Debug|iPhone = Debug|iPhone
		Debug|iPhoneSimulator = Debug|iPhoneSimulator
		Release|Any CPU = Release|Any CPU
		Release|iPhone = Release|iPhone
		Release|iPhoneSimulator = Release|iPhoneSimulator
	EndGlobalSection
	GlobalSection(ProjectConfigurationPlatforms) = postSolution
		{3B442F05-1A27-4A79-91DD-C7F2AD467B4C}.Ad-Hoc|Any CPU.ActiveCfg = Release|Any CPU
		{3B442F05-1A27-4A79-91DD-C7F2AD467B4C}.Ad-Hoc|Any CPU.Build.0 = Release|Any CPU
		{3B442F05-1A27-4A79-91DD-C7F2AD467B4C}.Ad-Hoc|Any CPU.Deploy.0 = Release|Any CPU
		{3B442F05-1A27-4A79-91DD-C7F2AD467B4C}.Ad-Hoc|iPhone.ActiveCfg = Release|Any CPU
		{3B442F05-1A27-4A79-91DD-C7F2AD467B4C}.Ad-Hoc|iPhone.Build.0 = Release|Any CPU
		{3B442F05-1A27-4A79-91DD-C7F2AD467B4C}.Ad-Hoc|iPhone.Deploy.0 = Release|Any CPU
		{3B442F05-1A27-4A79-91DD-C7F2AD467B4C}.Ad-Hoc|iPhoneSimulator.ActiveCfg = Release|Any CPU
		{3B442F05-1A27-4A79-91DD-C7F2AD467B4C}.Ad-Hoc|iPhoneSimulator.Build.0 = Release|Any CPU
		{3B442F05-1A27-4A79-91DD-C7F2AD467B4C}.Ad-Hoc|iPhoneSimulator.Deploy.0 = Release|Any CPU
		{3B442F05-1A27-4A79-91DD-C7F2AD467B4C}.AppStore|Any CPU.ActiveCfg = Release|Any CPU
		{3B442F05-1A27-4A79-91DD-C7F2AD467B4C}.AppStore|Any CPU.Build.0 = Release|Any CPU
		{3B442F05-1A27-4A79-91DD-C7F2AD467B4C}.AppStore|Any CPU.Deploy.0 = Release|Any CPU
		{3B442F05-1A27-4A79-91DD-C7F2AD467B4C}.AppStore|iPhone.ActiveCfg = Release|Any CPU
		{3B442F05-1A27-4A79-91DD-C7F2AD467B4C}.AppStore|iPhone.Build.0 = Release|Any CPU
		{3B442F05-1A27-4A79-91DD-C7F2AD467B4C}.AppStore|iPhone.Deploy.0 = Release|Any CPU
		{3B442F05-1A27-4A79-91DD-C7F2AD467B4C}.AppStore|iPhoneSimulator.ActiveCfg = Release|Any CPU
		{3B442F05-1A27-4A79-91DD-C7F2AD467B4C}.AppStore|iPhoneSimulator.Build.0 = Release|Any CPU
		{3B442F05-1A27-4A79-91DD-C7F2AD467B4C}.AppStore|iPhoneSimulator.Deploy.0 = Release|Any CPU
		{3B442F05-1A27-4A79-91DD-C7F2AD467B4C}.Debug|Any CPU.ActiveCfg = Debug|Any CPU
		{3B442F05-1A27-4A79-91DD-C7F2AD467B4C}.Debug|Any CPU.Build.0 = Debug|Any CPU
		{3B442F05-1A27-4A79-91DD-C7F2AD467B4C}.Debug|Any CPU.Deploy.0 = Debug|Any CPU
		{3B442F05-1A27-4A79-91DD-C7F2AD467B4C}.Debug|iPhone.ActiveCfg = Debug|Any CPU
		{3B442F05-1A27-4A79-91DD-C7F2AD467B4C}.Debug|iPhone.Build.0 = Debug|Any CPU
		{3B442F05-1A27-4A79-91DD-C7F2AD467B4C}.Debug|iPhone.Deploy.0 = Debug|Any CPU
		{3B442F05-1A27-4A79-91DD-C7F2AD467B4C}.Debug|iPhoneSimulator.ActiveCfg = Debug|Any CPU
		{3B442F05-1A27-4A79-91DD-C7F2AD467B4C}.Debug|iPhoneSimulator.Build.0 = Debug|Any CPU
		{3B442F05-1A27-4A79-91DD-C7F2AD467B4C}.Debug|iPhoneSimulator.Deploy.0 = Debug|Any CPU
		{3B442F05-1A27-4A79-91DD-C7F2AD467B4C}.Release|Any CPU.ActiveCfg = Release|Any CPU
		{3B442F05-1A27-4A79-91DD-C7F2AD467B4C}.Release|Any CPU.Build.0 = Release|Any CPU
		{3B442F05-1A27-4A79-91DD-C7F2AD467B4C}.Release|Any CPU.Deploy.0 = Release|Any CPU
		{3B442F05-1A27-4A79-91DD-C7F2AD467B4C}.Release|iPhone.ActiveCfg = Release|Any CPU
		{3B442F05-1A27-4A79-91DD-C7F2AD467B4C}.Release|iPhone.Build.0 = Release|Any CPU
		{3B442F05-1A27-4A79-91DD-C7F2AD467B4C}.Release|iPhone.Deploy.0 = Release|Any CPU
		{3B442F05-1A27-4A79-91DD-C7F2AD467B4C}.Release|iPhoneSimulator.ActiveCfg = Release|Any CPU
		{3B442F05-1A27-4A79-91DD-C7F2AD467B4C}.Release|iPhoneSimulator.Build.0 = Release|Any CPU
		{3B442F05-1A27-4A79-91DD-C7F2AD467B4C}.Release|iPhoneSimulator.Deploy.0 = Release|Any CPU
		{CD472EF9-34A1-41F1-85D1-430B5D4214F6}.Ad-Hoc|Any CPU.ActiveCfg = Ad-Hoc|iPhone
		{CD472EF9-34A1-41F1-85D1-430B5D4214F6}.Ad-Hoc|Any CPU.Build.0 = Ad-Hoc|iPhone
		{CD472EF9-34A1-41F1-85D1-430B5D4214F6}.Ad-Hoc|Any CPU.Deploy.0 = Ad-Hoc|iPhone
		{CD472EF9-34A1-41F1-85D1-430B5D4214F6}.Ad-Hoc|iPhone.ActiveCfg = Ad-Hoc|iPhone
		{CD472EF9-34A1-41F1-85D1-430B5D4214F6}.Ad-Hoc|iPhone.Build.0 = Ad-Hoc|iPhone
		{CD472EF9-34A1-41F1-85D1-430B5D4214F6}.Ad-Hoc|iPhone.Deploy.0 = Ad-Hoc|iPhone
		{CD472EF9-34A1-41F1-85D1-430B5D4214F6}.Ad-Hoc|iPhoneSimulator.ActiveCfg = Ad-Hoc|iPhoneSimulator
		{CD472EF9-34A1-41F1-85D1-430B5D4214F6}.Ad-Hoc|iPhoneSimulator.Build.0 = Ad-Hoc|iPhoneSimulator
		{CD472EF9-34A1-41F1-85D1-430B5D4214F6}.Ad-Hoc|iPhoneSimulator.Deploy.0 = Ad-Hoc|iPhoneSimulator
		{CD472EF9-34A1-41F1-85D1-430B5D4214F6}.AppStore|Any CPU.ActiveCfg = AppStore|iPhone
		{CD472EF9-34A1-41F1-85D1-430B5D4214F6}.AppStore|Any CPU.Build.0 = AppStore|iPhone
		{CD472EF9-34A1-41F1-85D1-430B5D4214F6}.AppStore|Any CPU.Deploy.0 = AppStore|iPhone
		{CD472EF9-34A1-41F1-85D1-430B5D4214F6}.AppStore|iPhone.ActiveCfg = AppStore|iPhone
		{CD472EF9-34A1-41F1-85D1-430B5D4214F6}.AppStore|iPhone.Build.0 = AppStore|iPhone
		{CD472EF9-34A1-41F1-85D1-430B5D4214F6}.AppStore|iPhone.Deploy.0 = AppStore|iPhone
		{CD472EF9-34A1-41F1-85D1-430B5D4214F6}.AppStore|iPhoneSimulator.ActiveCfg = AppStore|iPhoneSimulator
		{CD472EF9-34A1-41F1-85D1-430B5D4214F6}.AppStore|iPhoneSimulator.Build.0 = AppStore|iPhoneSimulator
		{CD472EF9-34A1-41F1-85D1-430B5D4214F6}.AppStore|iPhoneSimulator.Deploy.0 = AppStore|iPhoneSimulator
		{CD472EF9-34A1-41F1-85D1-430B5D4214F6}.Debug|Any CPU.ActiveCfg = Debug|iPhoneSimulator
		{CD472EF9-34A1-41F1-85D1-430B5D4214F6}.Debug|Any CPU.Build.0 = Debug|iPhoneSimulator
		{CD472EF9-34A1-41F1-85D1-430B5D4214F6}.Debug|Any CPU.Deploy.0 = Debug|iPhoneSimulator
		{CD472EF9-34A1-41F1-85D1-430B5D4214F6}.Debug|iPhone.ActiveCfg = Debug|iPhone
		{CD472EF9-34A1-41F1-85D1-430B5D4214F6}.Debug|iPhone.Build.0 = Debug|iPhone
		{CD472EF9-34A1-41F1-85D1-430B5D4214F6}.Debug|iPhone.Deploy.0 = Debug|iPhone
		{CD472EF9-34A1-41F1-85D1-430B5D4214F6}.Debug|iPhoneSimulator.ActiveCfg = Debug|iPhoneSimulator
		{CD472EF9-34A1-41F1-85D1-430B5D4214F6}.Debug|iPhoneSimulator.Build.0 = Debug|iPhoneSimulator
		{CD472EF9-34A1-41F1-85D1-430B5D4214F6}.Debug|iPhoneSimulator.Deploy.0 = Debug|iPhoneSimulator
		{CD472EF9-34A1-41F1-85D1-430B5D4214F6}.Release|Any CPU.ActiveCfg = Release|iPhone
		{CD472EF9-34A1-41F1-85D1-430B5D4214F6}.Release|Any CPU.Build.0 = Release|iPhone
		{CD472EF9-34A1-41F1-85D1-430B5D4214F6}.Release|Any CPU.Deploy.0 = Release|iPhone
		{CD472EF9-34A1-41F1-85D1-430B5D4214F6}.Release|iPhone.ActiveCfg = Release|iPhone
		{CD472EF9-34A1-41F1-85D1-430B5D4214F6}.Release|iPhone.Build.0 = Release|iPhone
		{CD472EF9-34A1-41F1-85D1-430B5D4214F6}.Release|iPhone.Deploy.0 = Release|iPhone
		{CD472EF9-34A1-41F1-85D1-430B5D4214F6}.Release|iPhoneSimulator.ActiveCfg = Release|iPhoneSimulator
		{CD472EF9-34A1-41F1-85D1-430B5D4214F6}.Release|iPhoneSimulator.Build.0 = Release|iPhoneSimulator
		{CD472EF9-34A1-41F1-85D1-430B5D4214F6}.Release|iPhoneSimulator.Deploy.0 = Release|iPhoneSimulator
		{8ACCFFC7-BD0A-468D-8912-4892037D3BEE}.Ad-Hoc|Any CPU.ActiveCfg = Debug|Any CPU
		{8ACCFFC7-BD0A-468D-8912-4892037D3BEE}.Ad-Hoc|Any CPU.Build.0 = Debug|Any CPU
		{8ACCFFC7-BD0A-468D-8912-4892037D3BEE}.Ad-Hoc|Any CPU.Deploy.0 = Debug|Any CPU
		{8ACCFFC7-BD0A-468D-8912-4892037D3BEE}.Ad-Hoc|iPhone.ActiveCfg = Debug|Any CPU
		{8ACCFFC7-BD0A-468D-8912-4892037D3BEE}.Ad-Hoc|iPhone.Build.0 = Debug|Any CPU
		{8ACCFFC7-BD0A-468D-8912-4892037D3BEE}.Ad-Hoc|iPhone.Deploy.0 = Debug|Any CPU
		{8ACCFFC7-BD0A-468D-8912-4892037D3BEE}.Ad-Hoc|iPhoneSimulator.ActiveCfg = Debug|Any CPU
		{8ACCFFC7-BD0A-468D-8912-4892037D3BEE}.Ad-Hoc|iPhoneSimulator.Build.0 = Debug|Any CPU
		{8ACCFFC7-BD0A-468D-8912-4892037D3BEE}.Ad-Hoc|iPhoneSimulator.Deploy.0 = Debug|Any CPU
		{8ACCFFC7-BD0A-468D-8912-4892037D3BEE}.AppStore|Any CPU.ActiveCfg = Debug|Any CPU
		{8ACCFFC7-BD0A-468D-8912-4892037D3BEE}.AppStore|Any CPU.Build.0 = Debug|Any CPU
		{8ACCFFC7-BD0A-468D-8912-4892037D3BEE}.AppStore|Any CPU.Deploy.0 = Debug|Any CPU
		{8ACCFFC7-BD0A-468D-8912-4892037D3BEE}.AppStore|iPhone.ActiveCfg = Debug|Any CPU
		{8ACCFFC7-BD0A-468D-8912-4892037D3BEE}.AppStore|iPhone.Build.0 = Debug|Any CPU
		{8ACCFFC7-BD0A-468D-8912-4892037D3BEE}.AppStore|iPhone.Deploy.0 = Debug|Any CPU
		{8ACCFFC7-BD0A-468D-8912-4892037D3BEE}.AppStore|iPhoneSimulator.ActiveCfg = Debug|Any CPU
		{8ACCFFC7-BD0A-468D-8912-4892037D3BEE}.AppStore|iPhoneSimulator.Build.0 = Debug|Any CPU
		{8ACCFFC7-BD0A-468D-8912-4892037D3BEE}.AppStore|iPhoneSimulator.Deploy.0 = Debug|Any CPU
		{8ACCFFC7-BD0A-468D-8912-4892037D3BEE}.Debug|Any CPU.ActiveCfg = Debug|Any CPU
		{8ACCFFC7-BD0A-468D-8912-4892037D3BEE}.Debug|Any CPU.Build.0 = Debug|Any CPU
		{8ACCFFC7-BD0A-468D-8912-4892037D3BEE}.Debug|Any CPU.Deploy.0 = Debug|Any CPU
		{8ACCFFC7-BD0A-468D-8912-4892037D3BEE}.Debug|iPhone.ActiveCfg = Debug|Any CPU
		{8ACCFFC7-BD0A-468D-8912-4892037D3BEE}.Debug|iPhone.Build.0 = Debug|Any CPU
		{8ACCFFC7-BD0A-468D-8912-4892037D3BEE}.Debug|iPhone.Deploy.0 = Debug|Any CPU
		{8ACCFFC7-BD0A-468D-8912-4892037D3BEE}.Debug|iPhoneSimulator.ActiveCfg = Debug|Any CPU
		{8ACCFFC7-BD0A-468D-8912-4892037D3BEE}.Debug|iPhoneSimulator.Build.0 = Debug|Any CPU
		{8ACCFFC7-BD0A-468D-8912-4892037D3BEE}.Debug|iPhoneSimulator.Deploy.0 = Debug|Any CPU
		{8ACCFFC7-BD0A-468D-8912-4892037D3BEE}.Release|Any CPU.ActiveCfg = Release|Any CPU
		{8ACCFFC7-BD0A-468D-8912-4892037D3BEE}.Release|Any CPU.Build.0 = Release|Any CPU
		{8ACCFFC7-BD0A-468D-8912-4892037D3BEE}.Release|Any CPU.Deploy.0 = Release|Any CPU
		{8ACCFFC7-BD0A-468D-8912-4892037D3BEE}.Release|iPhone.ActiveCfg = Release|Any CPU
		{8ACCFFC7-BD0A-468D-8912-4892037D3BEE}.Release|iPhone.Build.0 = Release|Any CPU
		{8ACCFFC7-BD0A-468D-8912-4892037D3BEE}.Release|iPhone.Deploy.0 = Release|Any CPU
		{8ACCFFC7-BD0A-468D-8912-4892037D3BEE}.Release|iPhoneSimulator.ActiveCfg = Release|Any CPU
		{8ACCFFC7-BD0A-468D-8912-4892037D3BEE}.Release|iPhoneSimulator.Build.0 = Release|Any CPU
		{8ACCFFC7-BD0A-468D-8912-4892037D3BEE}.Release|iPhoneSimulator.Deploy.0 = Release|Any CPU
	EndGlobalSection
	GlobalSection(SolutionProperties) = preSolution
		HideSolutionNode = FALSE
	EndGlobalSection
	GlobalSection(ExtensibilityGlobals) = postSolution
		SolutionGuid = {499DEBD3-38A3-43DD-85B5-C036A8D03A17}
	EndGlobalSection
EndGlobal
